
Microsoft Visual Studio Solution File, Format Version 12.00
# Visual Studio Version 16
VisualStudioVersion = 16.0.30503.244
MinimumVisualStudioVersion = 10.0.40219.1
Project("{8BC9CEB8-8B4A-11D0-8D11-00A0C91BC942}") = "NumberLib", "NumberLib\NumberLib.vcxproj", "{584A858B-2C5B-489F-8072-CBB45267C86D}"
EndProject
Project("{8BC9CEB8-8B4A-11D0-8D11-00A0C91BC942}") = "VectorLib", "VectorLib\VectorLib.vcxproj", "{AB8FF588-5B9A-42FB-9C7E-A927DCF366E5}"
EndProject
Global
	GlobalSection(SolutionConfigurationPlatforms) = preSolution
		Debug|x64 = Debug|x64
		Debug|x86 = Debug|x86
		Release|x64 = Release|x64
		Release|x86 = Release|x86
	EndGlobalSection
	GlobalSection(ProjectConfigurationPlatforms) = postSolution
		{584A858B-2C5B-489F-8072-CBB45267C86D}.Debug|x64.ActiveCfg = Debug|x64
		{584A858B-2C5B-489F-8072-CBB45267C86D}.Debug|x64.Build.0 = Debug|x64
		{584A858B-2C5B-489F-8072-CBB45267C86D}.Debug|x86.ActiveCfg = Debug|Win32
		{584A858B-2C5B-489F-8072-CBB45267C86D}.Debug|x86.Build.0 = Debug|Win32
		{584A858B-2C5B-489F-8072-CBB45267C86D}.Release|x64.ActiveCfg = Release|x64
		{584A858B-2C5B-489F-8072-CBB45267C86D}.Release|x64.Build.0 = Release|x64
		{584A858B-2C5B-489F-8072-CBB45267C86D}.Release|x86.ActiveCfg = Release|Win32
		{584A858B-2C5B-489F-8072-CBB45267C86D}.Release|x86.Build.0 = Release|Win32
		{AB8FF588-5B9A-42FB-9C7E-A927DCF366E5}.Debug|x64.ActiveCfg = Debug|x64
		{AB8FF588-5B9A-42FB-9C7E-A927DCF366E5}.Debug|x64.Build.0 = Debug|x64
		{AB8FF588-5B9A-42FB-9C7E-A927DCF366E5}.Debug|x86.ActiveCfg = Debug|Win32
		{AB8FF588-5B9A-42FB-9C7E-A927DCF366E5}.Debug|x86.Build.0 = Debug|Win32
		{AB8FF588-5B9A-42FB-9C7E-A927DCF366E5}.Release|x64.ActiveCfg = Release|x64
		{AB8FF588-5B9A-42FB-9C7E-A927DCF366E5}.Release|x64.Build.0 = Release|x64
		{AB8FF588-5B9A-42FB-9C7E-A927DCF366E5}.Release|x86.ActiveCfg = Release|Win32
		{AB8FF588-5B9A-42FB-9C7E-A927DCF366E5}.Release|x86.Build.0 = Release|Win32
	EndGlobalSection
	GlobalSection(SolutionProperties) = preSolution
		HideSolutionNode = FALSE
	EndGlobalSection
	GlobalSection(ExtensibilityGlobals) = postSolution
		SolutionGuid = {94ACC08B-60F8-4798-8E91-C3AE74AD1CE0}
	EndGlobalSection
EndGlobal
